
Microsoft Visual Studio Solution File, Format Version 12.00
# Visual Studio Version 17
VisualStudioVersion = 17.8.34511.84
MinimumVisualStudioVersion = 10.0.40219.1
Project("{FAE04EC0-301F-11D3-BF4B-00C04F79EFBC}") = "The Control Tower", "The Control Tower\The Control Tower.csproj", "{CAE18D10-C175-4896-B4AD-71E694C32FA1}"
EndProject
Global
	GlobalSection(SolutionConfigurationPlatforms) = preSolution
		Debug|Any CPU = Debug|Any CPU
		Release|Any CPU = Release|Any CPU
	EndGlobalSection
	GlobalSection(ProjectConfigurationPlatforms) = postSolution
		{CAE18D10-C175-4896-B4AD-71E694C32FA1}.Debug|Any CPU.ActiveCfg = Debug|Any CPU
		{CAE18D10-C175-4896-B4AD-71E694C32FA1}.Debug|Any CPU.Build.0 = Debug|Any CPU
		{CAE18D10-C175-4896-B4AD-71E694C32FA1}.Release|Any CPU.ActiveCfg = Release|Any CPU
		{CAE18D10-C175-4896-B4AD-71E694C32FA1}.Release|Any CPU.Build.0 = Release|Any CPU
	EndGlobalSection
	GlobalSection(SolutionProperties) = preSolution
		HideSolutionNode = FALSE
	EndGlobalSection
	GlobalSection(ExtensibilityGlobals) = postSolution
		SolutionGuid = {288D88C8-94B7-4B7C-B801-3756C6F45E27}
	EndGlobalSection
EndGlobal
